
Microsoft Visual Studio Solution File, Format Version 12.00
# Visual Studio Version 17
VisualStudioVersion = 17.9.34728.123
MinimumVisualStudioVersion = 10.0.40219.1
Project("{2150E333-8FDC-42A3-9474-1A3956D46DE8}") = "Elementy rozwiązania", "Elementy rozwiązania", "{70FA89F6-1D08-46A3-A28D-13A029CC186D}"
EndProject
Project("{FAE04EC0-301F-11D3-BF4B-00C04F79EFBC}") = "CryptoChat", "CryptoClient\CryptoChat.csproj", "{D42875FE-F55B-4BF1-8A89-161E80C9FEFB}"
EndProject
Project("{FAE04EC0-301F-11D3-BF4B-00C04F79EFBC}") = "CryptoServer", "CryptoServer\CryptoServer.csproj", "{D4267F1C-C39F-46B6-BA80-2992485E6D40}"
EndProject
Global
	GlobalSection(SolutionConfigurationPlatforms) = preSolution
		Debug|Any CPU = Debug|Any CPU
		Release|Any CPU = Release|Any CPU
	EndGlobalSection
	GlobalSection(ProjectConfigurationPlatforms) = postSolution
		{D42875FE-F55B-4BF1-8A89-161E80C9FEFB}.Debug|Any CPU.ActiveCfg = Debug|Any CPU
		{D42875FE-F55B-4BF1-8A89-161E80C9FEFB}.Debug|Any CPU.Build.0 = Debug|Any CPU
		{D42875FE-F55B-4BF1-8A89-161E80C9FEFB}.Release|Any CPU.ActiveCfg = Release|Any CPU
		{D42875FE-F55B-4BF1-8A89-161E80C9FEFB}.Release|Any CPU.Build.0 = Release|Any CPU
		{D4267F1C-C39F-46B6-BA80-2992485E6D40}.Debug|Any CPU.ActiveCfg = Debug|Any CPU
		{D4267F1C-C39F-46B6-BA80-2992485E6D40}.Debug|Any CPU.Build.0 = Debug|Any CPU
		{D4267F1C-C39F-46B6-BA80-2992485E6D40}.Release|Any CPU.ActiveCfg = Release|Any CPU
		{D4267F1C-C39F-46B6-BA80-2992485E6D40}.Release|Any CPU.Build.0 = Release|Any CPU
	EndGlobalSection
	GlobalSection(SolutionProperties) = preSolution
		HideSolutionNode = FALSE
	EndGlobalSection
	GlobalSection(ExtensibilityGlobals) = postSolution
		SolutionGuid = {6E93D115-B611-451C-8FC1-6E8E9CF4E668}
	EndGlobalSection
EndGlobal
